
Microsoft Visual Studio Solution File, Format Version 12.00
# Visual Studio Version 16
VisualStudioVersion = 16.0.31105.61
MinimumVisualStudioVersion = 10.0.40219.1
Project("{9A19103F-16F7-4668-BE54-9A1E7A4F7556}") = "UnvisualComponentsAlesa", "UnvisualComponentsAlesa\UnvisualComponentsAlesa.csproj", "{5A84681F-3AFA-4AA0-B5C3-38D4DE3219C1}"
EndProject
Project("{9A19103F-16F7-4668-BE54-9A1E7A4F7556}") = "COP_Forms", "COP_Forms\COP_Forms.csproj", "{942BC4A4-E3FF-4AD6-9F58-FC8063744315}"
EndProject
Project("{FAE04EC0-301F-11D3-BF4B-00C04F79EFBC}") = "AccountingOfProductInTheStoreView", "AccountingOfProductInTheStoreView\AccountingOfProductInTheStoreView.csproj", "{EE2735C9-F9C5-4638-BF87-29054064F610}"
EndProject
Global
	GlobalSection(SolutionConfigurationPlatforms) = preSolution
		Debug|Any CPU = Debug|Any CPU
		Release|Any CPU = Release|Any CPU
	EndGlobalSection
	GlobalSection(ProjectConfigurationPlatforms) = postSolution
		{5A84681F-3AFA-4AA0-B5C3-38D4DE3219C1}.Debug|Any CPU.ActiveCfg = Debug|Any CPU
		{5A84681F-3AFA-4AA0-B5C3-38D4DE3219C1}.Debug|Any CPU.Build.0 = Debug|Any CPU
		{5A84681F-3AFA-4AA0-B5C3-38D4DE3219C1}.Release|Any CPU.ActiveCfg = Release|Any CPU
		{5A84681F-3AFA-4AA0-B5C3-38D4DE3219C1}.Release|Any CPU.Build.0 = Release|Any CPU
		{942BC4A4-E3FF-4AD6-9F58-FC8063744315}.Debug|Any CPU.ActiveCfg = Debug|Any CPU
		{942BC4A4-E3FF-4AD6-9F58-FC8063744315}.Debug|Any CPU.Build.0 = Debug|Any CPU
		{942BC4A4-E3FF-4AD6-9F58-FC8063744315}.Release|Any CPU.ActiveCfg = Release|Any CPU
		{942BC4A4-E3FF-4AD6-9F58-FC8063744315}.Release|Any CPU.Build.0 = Release|Any CPU
		{EE2735C9-F9C5-4638-BF87-29054064F610}.Debug|Any CPU.ActiveCfg = Debug|Any CPU
		{EE2735C9-F9C5-4638-BF87-29054064F610}.Debug|Any CPU.Build.0 = Debug|Any CPU
		{EE2735C9-F9C5-4638-BF87-29054064F610}.Release|Any CPU.ActiveCfg = Release|Any CPU
		{EE2735C9-F9C5-4638-BF87-29054064F610}.Release|Any CPU.Build.0 = Release|Any CPU
	EndGlobalSection
	GlobalSection(SolutionProperties) = preSolution
		HideSolutionNode = FALSE
	EndGlobalSection
	GlobalSection(ExtensibilityGlobals) = postSolution
		SolutionGuid = {CAA0D778-FA37-4D50-9E4B-B3DE31135C7C}
	EndGlobalSection
EndGlobal
